<Solution>
  <Project Path="SqlVitals/Desktop/SqlVitals.Desktop.csproj" />
  <Project Path="SqlVitals/Engine/SqlVitals.Engine.csproj" />
  <Project Path="SqlVitals/Engine.Tests/SqlVitals.Engine.Tests.csproj" />
  <Project Path="SqlVitals/Installer/SqlVitals.Installer.csproj" />
  <Project Path="SqlVitals/Installer.Tests/SqlVitals.Installer.Tests.csproj" />
</Solution>
